PODS:
  - Flutter (1.0.0)
  - HyperTrack (5.11.0)
  - hypertrack_plugin (3.0.0):
    - Flutter
    - HyperTrack (= 5.11.0)

DEPENDENCIES:
  - Flutter (from `Flutter`)
  - hypertrack_plugin (from `.symlinks/plugins/hypertrack_plugin/ios`)

SPEC REPOS:
  trunk:
    - HyperTrack

EXTERNAL SOURCES:
  Flutter:
    :path: Flutter
  hypertrack_plugin:
    :path: ".symlinks/plugins/hypertrack_plugin/ios"

SPEC CHECKSUMS:
  Flutter: e0871f40cf51350855a761d2e70bf5af5b9b5de7
  HyperTrack: aa6f271e6f9b1339790667c20e281e470531cc21
  hypertrack_plugin: f4bfc1c28b5d9482598300c8567264977c7e3829

PODFILE CHECKSUM: c4c93c5f6502fe2754f48404d3594bf779584011

COCOAPODS: 1.16.2
