PODS:
  - Flutter (1.0.0)
  - HyperTrack (5.4.0)
  - hypertrack_plugin (2.1.0):
    - Flutter
    - HyperTrack (= 5.4.0)

DEPENDENCIES:
  - Flutter (from `Flutter`)
  - hypertrack_plugin (from `.symlinks/plugins/hypertrack_plugin/ios`)

SPEC REPOS:
  trunk:
    - HyperTrack

EXTERNAL SOURCES:
  Flutter:
    :path: Flutter
  hypertrack_plugin:
    :path: ".symlinks/plugins/hypertrack_plugin/ios"

SPEC CHECKSUMS:
  Flutter: f04841e97a9d0b0a8025694d0796dd46242b2854
  HyperTrack: d08b956277174f0a6a84e2ebe53b9e8fe75c4357
  hypertrack_plugin: ec017a19f1d3b7dea384870f252739f19bf507e1

PODFILE CHECKSUM: ef19549a9bc3046e7bb7d2fab4d021637c0c58a3

COCOAPODS: 1.14.3
